
Microsoft Visual Studio Solution File, Format Version 12.00
# Visual Studio Version 17
VisualStudioVersion = 17.13.35919.96
MinimumVisualStudioVersion = 10.0.40219.1
Project("{FAE04EC0-301F-11D3-BF4B-00C04F79EFBC}") = "Web", "Web.csproj", "{19538F6D-D559-46FF-934F-B2036EC295DF}"
EndProject
Project("{FAE04EC0-301F-11D3-BF4B-00C04F79EFBC}") = "Aplicacion", "..\Aplicacion\Aplicacion.csproj", "{0977AB5F-C41D-4FB2-824B-40BFE1499C3A}"
EndProject
Project("{FAE04EC0-301F-11D3-BF4B-00C04F79EFBC}") = "Dominio", "..\Dominio\Dominio.csproj", "{4258739D-087A-4C5E-8564-DBCFB8956971}"
EndProject
Project("{FAE04EC0-301F-11D3-BF4B-00C04F79EFBC}") = "Infraestructura", "..\Infraestructura\Infraestructura.csproj", "{FBC8316B-08A6-3329-353D-E425D058F2C0}"
EndProject
Global
	GlobalSection(SolutionConfigurationPlatforms) = preSolution
		Debug|Any CPU = Debug|Any CPU
		Release|Any CPU = Release|Any CPU
	EndGlobalSection
	GlobalSection(ProjectConfigurationPlatforms) = postSolution
		{19538F6D-D559-46FF-934F-B2036EC295DF}.Debug|Any CPU.ActiveCfg = Debug|Any CPU
		{19538F6D-D559-46FF-934F-B2036EC295DF}.Debug|Any CPU.Build.0 = Debug|Any CPU
		{19538F6D-D559-46FF-934F-B2036EC295DF}.Release|Any CPU.ActiveCfg = Release|Any CPU
		{19538F6D-D559-46FF-934F-B2036EC295DF}.Release|Any CPU.Build.0 = Release|Any CPU
		{0977AB5F-C41D-4FB2-824B-40BFE1499C3A}.Debug|Any CPU.ActiveCfg = Debug|Any CPU
		{0977AB5F-C41D-4FB2-824B-40BFE1499C3A}.Debug|Any CPU.Build.0 = Debug|Any CPU
		{0977AB5F-C41D-4FB2-824B-40BFE1499C3A}.Release|Any CPU.ActiveCfg = Release|Any CPU
		{0977AB5F-C41D-4FB2-824B-40BFE1499C3A}.Release|Any CPU.Build.0 = Release|Any CPU
		{4258739D-087A-4C5E-8564-DBCFB8956971}.Debug|Any CPU.ActiveCfg = Debug|Any CPU
		{4258739D-087A-4C5E-8564-DBCFB8956971}.Debug|Any CPU.Build.0 = Debug|Any CPU
		{4258739D-087A-4C5E-8564-DBCFB8956971}.Release|Any CPU.ActiveCfg = Release|Any CPU
		{4258739D-087A-4C5E-8564-DBCFB8956971}.Release|Any CPU.Build.0 = Release|Any CPU
		{FBC8316B-08A6-3329-353D-E425D058F2C0}.Debug|Any CPU.ActiveCfg = Debug|Any CPU
		{FBC8316B-08A6-3329-353D-E425D058F2C0}.Debug|Any CPU.Build.0 = Debug|Any CPU
		{FBC8316B-08A6-3329-353D-E425D058F2C0}.Release|Any CPU.ActiveCfg = Release|Any CPU
		{FBC8316B-08A6-3329-353D-E425D058F2C0}.Release|Any CPU.Build.0 = Release|Any CPU
	EndGlobalSection
	GlobalSection(SolutionProperties) = preSolution
		HideSolutionNode = FALSE
	EndGlobalSection
	GlobalSection(ExtensibilityGlobals) = postSolution
		SolutionGuid = {E312E0C9-F59B-44CC-92BA-AB4560FBF665}
	EndGlobalSection
EndGlobal
