Microsoft Visual Studio Solution File, Format Version 12.00
# Visual Studio Version 17
VisualStudioVersion = 17.5.2.0
MinimumVisualStudioVersion = 10.0.40219.1
Project("{FAE04EC0-301F-11D3-BF4B-00C04F79EFBC}") = "1erProyecto", "1erProyecto.csproj", "{AFA0B4EA-2E20-FD7D-D8BA-17207A8AA073}"
EndProject
Global
	GlobalSection(SolutionConfigurationPlatforms) = preSolution
		Debug|Any CPU = Debug|Any CPU
		Release|Any CPU = Release|Any CPU
	EndGlobalSection
	GlobalSection(ProjectConfigurationPlatforms) = postSolution
		{AFA0B4EA-2E20-FD7D-D8BA-17207A8AA073}.Debug|Any CPU.ActiveCfg = Debug|Any CPU
		{AFA0B4EA-2E20-FD7D-D8BA-17207A8AA073}.Debug|Any CPU.Build.0 = Debug|Any CPU
		{AFA0B4EA-2E20-FD7D-D8BA-17207A8AA073}.Release|Any CPU.ActiveCfg = Release|Any CPU
		{AFA0B4EA-2E20-FD7D-D8BA-17207A8AA073}.Release|Any CPU.Build.0 = Release|Any CPU
	EndGlobalSection
	GlobalSection(SolutionProperties) = preSolution
		HideSolutionNode = FALSE
	EndGlobalSection
	GlobalSection(ExtensibilityGlobals) = postSolution
		SolutionGuid = {0E27D0AD-E970-435E-968A-2D05C7F7BD3A}
	EndGlobalSection
EndGlobal
